
Microsoft Visual Studio Solution File, Format Version 12.00
# Visual Studio Version 16
VisualStudioVersion = 16.0.31729.503
MinimumVisualStudioVersion = 10.0.40219.1
Project("{9A19103F-16F7-4668-BE54-9A1E7A4F7556}") = "Shopping.Client", "Shopping.Client\Shopping.Client.csproj", "{5DDE13F5-DD90-4090-BE3E-498D6CC91ECD}"
EndProject
Project("{9A19103F-16F7-4668-BE54-9A1E7A4F7556}") = "Shopping.API", "Shopping.API\Shopping.API.csproj", "{71775661-618B-48A7-B8D6-A9DC938653FA}"
EndProject
Project("{E53339B2-1760-4266-BCC7-CA923CBCF16C}") = "docker-compose", "docker-compose.dcproj", "{001BC3CD-54D6-41F6-991E-B8E047E81EC7}"
EndProject
Global
	GlobalSection(SolutionConfigurationPlatforms) = preSolution
		Debug|Any CPU = Debug|Any CPU
		Release|Any CPU = Release|Any CPU
	EndGlobalSection
	GlobalSection(ProjectConfigurationPlatforms) = postSolution
		{5DDE13F5-DD90-4090-BE3E-498D6CC91ECD}.Debug|Any CPU.ActiveCfg = Debug|Any CPU
		{5DDE13F5-DD90-4090-BE3E-498D6CC91ECD}.Debug|Any CPU.Build.0 = Debug|Any CPU
		{5DDE13F5-DD90-4090-BE3E-498D6CC91ECD}.Release|Any CPU.ActiveCfg = Release|Any CPU
		{5DDE13F5-DD90-4090-BE3E-498D6CC91ECD}.Release|Any CPU.Build.0 = Release|Any CPU
		{71775661-618B-48A7-B8D6-A9DC938653FA}.Debug|Any CPU.ActiveCfg = Debug|Any CPU
		{71775661-618B-48A7-B8D6-A9DC938653FA}.Debug|Any CPU.Build.0 = Debug|Any CPU
		{71775661-618B-48A7-B8D6-A9DC938653FA}.Release|Any CPU.ActiveCfg = Release|Any CPU
		{71775661-618B-48A7-B8D6-A9DC938653FA}.Release|Any CPU.Build.0 = Release|Any CPU
		{001BC3CD-54D6-41F6-991E-B8E047E81EC7}.Debug|Any CPU.ActiveCfg = Debug|Any CPU
		{001BC3CD-54D6-41F6-991E-B8E047E81EC7}.Debug|Any CPU.Build.0 = Debug|Any CPU
		{001BC3CD-54D6-41F6-991E-B8E047E81EC7}.Release|Any CPU.ActiveCfg = Release|Any CPU
		{001BC3CD-54D6-41F6-991E-B8E047E81EC7}.Release|Any CPU.Build.0 = Release|Any CPU
	EndGlobalSection
	GlobalSection(SolutionProperties) = preSolution
		HideSolutionNode = FALSE
	EndGlobalSection
	GlobalSection(ExtensibilityGlobals) = postSolution
		SolutionGuid = {58A61A39-F23D-401A-AF79-BC7F26712991}
	EndGlobalSection
EndGlobal
